
Microsoft Visual Studio Solution File, Format Version 12.00
# Visual Studio 2013
VisualStudioVersion = 12.0.21005.1
MinimumVisualStudioVersion = 10.0.40219.1
Project("{FAE04EC0-301F-11D3-BF4B-00C04F79EFBC}") = "sinema", "sinema\sinema.csproj", "{DC69583D-57AA-4320-9600-71E45A93BC7A}"
EndProject
Global
	GlobalSection(SolutionConfigurationPlatforms) = preSolution
		Debug|Any CPU = Debug|Any CPU
		Release|Any CPU = Release|Any CPU
	EndGlobalSection
	GlobalSection(ProjectConfigurationPlatforms) = postSolution
		{DC69583D-57AA-4320-9600-71E45A93BC7A}.Debug|Any CPU.ActiveCfg = Debug|Any CPU
		{DC69583D-57AA-4320-9600-71E45A93BC7A}.Debug|Any CPU.Build.0 = Debug|Any CPU
		{DC69583D-57AA-4320-9600-71E45A93BC7A}.Release|Any CPU.ActiveCfg = Release|Any CPU
		{DC69583D-57AA-4320-9600-71E45A93BC7A}.Release|Any CPU.Build.0 = Release|Any CPU
	EndGlobalSection
	GlobalSection(SolutionProperties) = preSolution
		HideSolutionNode = FALSE
	EndGlobalSection
EndGlobal
